
Microsoft Visual Studio Solution File, Format Version 12.00
# Visual Studio 15
VisualStudioVersion = 15.0.27703.2026
MinimumVisualStudioVersion = 10.0.40219.1
Project("{FAE04EC0-301F-11D3-BF4B-00C04F79EFBC}") = "MVCAngular2", "MVCAngular2\MVCAngular2.csproj", "{540CE993-ED84-4061-9773-8B9AD5D754EC}"
EndProject
Global
	GlobalSection(SolutionConfigurationPlatforms) = preSolution
		Debug|Any CPU = Debug|Any CPU
		Release|Any CPU = Release|Any CPU
	EndGlobalSection
	GlobalSection(ProjectConfigurationPlatforms) = postSolution
		{540CE993-ED84-4061-9773-8B9AD5D754EC}.Debug|Any CPU.ActiveCfg = Debug|Any CPU
		{540CE993-ED84-4061-9773-8B9AD5D754EC}.Debug|Any CPU.Build.0 = Debug|Any CPU
		{540CE993-ED84-4061-9773-8B9AD5D754EC}.Release|Any CPU.ActiveCfg = Release|Any CPU
		{540CE993-ED84-4061-9773-8B9AD5D754EC}.Release|Any CPU.Build.0 = Release|Any CPU
	EndGlobalSection
	GlobalSection(SolutionProperties) = preSolution
		HideSolutionNode = FALSE
	EndGlobalSection
	GlobalSection(ExtensibilityGlobals) = postSolution
		SolutionGuid = {2C143DA3-1276-4056-8670-9D4446599C9D}
	EndGlobalSection
EndGlobal
